
Microsoft Visual Studio Solution File, Format Version 12.00
# Visual Studio Version 17
VisualStudioVersion = 17.2.32616.157
MinimumVisualStudioVersion = 10.0.40219.1
Project("{FAE04EC0-301F-11D3-BF4B-00C04F79EFBC}") = "WpfBmi", "WpfBmi\WpfBmi.csproj", "{F2F5CFB4-C0DF-4032-9EB3-0C9DED40E75E}"
EndProject
Project("{FAE04EC0-301F-11D3-BF4B-00C04F79EFBC}") = "ConsoleBmi", "ConsoleBmi\ConsoleBmi.csproj", "{5F45054C-B5A9-4E40-A0E3-C14AF809682D}"
EndProject
Project("{2150E333-8FDC-42A3-9474-1A3956D46DE8}") = "Solution Items", "Solution Items", "{0008C79A-173A-40CA-B8C1-8F32DC967107}"
	ProjectSection(SolutionItems) = preProject
		..\..\..\..\..\Downloads\editorconfig = ..\..\..\..\..\Downloads\editorconfig
	EndProjectSection
EndProject
Project("{FAE04EC0-301F-11D3-BF4B-00C04F79EFBC}") = "ConsoleSeconden", "ConsoleSeconden\ConsoleSeconden.csproj", "{D7B2F726-E08E-496C-9BEB-2A99E757A743}"
EndProject
Project("{FAE04EC0-301F-11D3-BF4B-00C04F79EFBC}") = "1 OPGAVE - CONSOLE", "1 OPGAVE - CONSOLE\1 OPGAVE - CONSOLE.csproj", "{F250F1F5-0EB0-4B24-AD96-465601F29D93}"
EndProject
Project("{FAE04EC0-301F-11D3-BF4B-00C04F79EFBC}") = "2 OPGAVE - CONSOLE", "2 OPGAVE - CONSOLE\2 OPGAVE - CONSOLE.csproj", "{39DCE943-62A7-47B7-ACF0-35EA7D7C942C}"
EndProject
Project("{FAE04EC0-301F-11D3-BF4B-00C04F79EFBC}") = "3 OPGAVE - CONSOLE", "3 OPGAVE - CONSOLE\3 OPGAVE - CONSOLE.csproj", "{B96D52FC-8C29-48E5-82AD-8D2A567725C0}"
EndProject
Project("{FAE04EC0-301F-11D3-BF4B-00C04F79EFBC}") = "11 OPGAVE - CONSOLE", "11 OPGAVE - CONSOLE\11 OPGAVE - CONSOLE.csproj", "{02ABC21A-6B3D-4455-AC45-1E2D7D97E752}"
EndProject
Project("{FAE04EC0-301F-11D3-BF4B-00C04F79EFBC}") = "9 OPGAVE - CONSOLE", "9 OPGAVE - CONSOLE\9 OPGAVE - CONSOLE.csproj", "{0013E828-5E6C-4C45-B422-DD764287B40D}"
EndProject
Project("{FAE04EC0-301F-11D3-BF4B-00C04F79EFBC}") = "ConsoleBuffet", "ConsoleBuffet\ConsoleBuffet.csproj", "{C028242E-1066-469D-BFE1-5D98AEDE3D7D}"
EndProject
Project("{FAE04EC0-301F-11D3-BF4B-00C04F79EFBC}") = "WpfInterest", "WpfInterest\WpfInterest.csproj", "{AD9230D6-E23D-4D3A-A222-AD8EB3312EFD}"
EndProject
Project("{FAE04EC0-301F-11D3-BF4B-00C04F79EFBC}") = "WpfWinkel", "WpfWinkel\WpfWinkel.csproj", "{7978A0EC-94A9-4907-857A-BAF4C0348FA1}"
EndProject
Project("{FAE04EC0-301F-11D3-BF4B-00C04F79EFBC}") = "WpfAlcohol", "WpfAlcohol\WpfAlcohol.csproj", "{E48B25E1-7E7B-4C9F-B7EE-115C2798A8ED}"
EndProject
Project("{FAE04EC0-301F-11D3-BF4B-00C04F79EFBC}") = "WpfCalculator", "WpfCalculator\WpfCalculator.csproj", "{64349325-29D9-4795-A02A-482FDC8E908D}"
EndProject
Project("{FAE04EC0-301F-11D3-BF4B-00C04F79EFBC}") = "[WpfIngredienten]", "[WpfIngredienten]\[WpfIngredienten].csproj", "{D041B7A4-FDE2-43B9-9778-60ED4A45569C}"
EndProject
Project("{FAE04EC0-301F-11D3-BF4B-00C04F79EFBC}") = "[WpfIngredienten (vervolg)]", "[WpfIngredienten (vervolg)]\[WpfIngredienten (vervolg)].csproj", "{21D95B8D-1966-4B2D-AF94-6FE2FFE7E851}"
EndProject
Global
	GlobalSection(SolutionConfigurationPlatforms) = preSolution
		Debug|Any CPU = Debug|Any CPU
		Release|Any CPU = Release|Any CPU
	EndGlobalSection
	GlobalSection(ProjectConfigurationPlatforms) = postSolution
		{F2F5CFB4-C0DF-4032-9EB3-0C9DED40E75E}.Debug|Any CPU.ActiveCfg = Debug|Any CPU
		{F2F5CFB4-C0DF-4032-9EB3-0C9DED40E75E}.Debug|Any CPU.Build.0 = Debug|Any CPU
		{F2F5CFB4-C0DF-4032-9EB3-0C9DED40E75E}.Release|Any CPU.ActiveCfg = Release|Any CPU
		{F2F5CFB4-C0DF-4032-9EB3-0C9DED40E75E}.Release|Any CPU.Build.0 = Release|Any CPU
		{5F45054C-B5A9-4E40-A0E3-C14AF809682D}.Debug|Any CPU.ActiveCfg = Debug|Any CPU
		{5F45054C-B5A9-4E40-A0E3-C14AF809682D}.Debug|Any CPU.Build.0 = Debug|Any CPU
		{5F45054C-B5A9-4E40-A0E3-C14AF809682D}.Release|Any CPU.ActiveCfg = Release|Any CPU
		{5F45054C-B5A9-4E40-A0E3-C14AF809682D}.Release|Any CPU.Build.0 = Release|Any CPU
		{D7B2F726-E08E-496C-9BEB-2A99E757A743}.Debug|Any CPU.ActiveCfg = Debug|Any CPU
		{D7B2F726-E08E-496C-9BEB-2A99E757A743}.Debug|Any CPU.Build.0 = Debug|Any CPU
		{D7B2F726-E08E-496C-9BEB-2A99E757A743}.Release|Any CPU.ActiveCfg = Release|Any CPU
		{D7B2F726-E08E-496C-9BEB-2A99E757A743}.Release|Any CPU.Build.0 = Release|Any CPU
		{F250F1F5-0EB0-4B24-AD96-465601F29D93}.Debug|Any CPU.ActiveCfg = Debug|Any CPU
		{F250F1F5-0EB0-4B24-AD96-465601F29D93}.Debug|Any CPU.Build.0 = Debug|Any CPU
		{F250F1F5-0EB0-4B24-AD96-465601F29D93}.Release|Any CPU.ActiveCfg = Release|Any CPU
		{F250F1F5-0EB0-4B24-AD96-465601F29D93}.Release|Any CPU.Build.0 = Release|Any CPU
		{39DCE943-62A7-47B7-ACF0-35EA7D7C942C}.Debug|Any CPU.ActiveCfg = Debug|Any CPU
		{39DCE943-62A7-47B7-ACF0-35EA7D7C942C}.Debug|Any CPU.Build.0 = Debug|Any CPU
		{39DCE943-62A7-47B7-ACF0-35EA7D7C942C}.Release|Any CPU.ActiveCfg = Release|Any CPU
		{39DCE943-62A7-47B7-ACF0-35EA7D7C942C}.Release|Any CPU.Build.0 = Release|Any CPU
		{B96D52FC-8C29-48E5-82AD-8D2A567725C0}.Debug|Any CPU.ActiveCfg = Debug|Any CPU
		{B96D52FC-8C29-48E5-82AD-8D2A567725C0}.Debug|Any CPU.Build.0 = Debug|Any CPU
		{B96D52FC-8C29-48E5-82AD-8D2A567725C0}.Release|Any CPU.ActiveCfg = Release|Any CPU
		{B96D52FC-8C29-48E5-82AD-8D2A567725C0}.Release|Any CPU.Build.0 = Release|Any CPU
		{02ABC21A-6B3D-4455-AC45-1E2D7D97E752}.Debug|Any CPU.ActiveCfg = Debug|Any CPU
		{02ABC21A-6B3D-4455-AC45-1E2D7D97E752}.Debug|Any CPU.Build.0 = Debug|Any CPU
		{02ABC21A-6B3D-4455-AC45-1E2D7D97E752}.Release|Any CPU.ActiveCfg = Release|Any CPU
		{02ABC21A-6B3D-4455-AC45-1E2D7D97E752}.Release|Any CPU.Build.0 = Release|Any CPU
		{0013E828-5E6C-4C45-B422-DD764287B40D}.Debug|Any CPU.ActiveCfg = Debug|Any CPU
		{0013E828-5E6C-4C45-B422-DD764287B40D}.Debug|Any CPU.Build.0 = Debug|Any CPU
		{0013E828-5E6C-4C45-B422-DD764287B40D}.Release|Any CPU.ActiveCfg = Release|Any CPU
		{0013E828-5E6C-4C45-B422-DD764287B40D}.Release|Any CPU.Build.0 = Release|Any CPU
		{C028242E-1066-469D-BFE1-5D98AEDE3D7D}.Debug|Any CPU.ActiveCfg = Debug|Any CPU
		{C028242E-1066-469D-BFE1-5D98AEDE3D7D}.Debug|Any CPU.Build.0 = Debug|Any CPU
		{C028242E-1066-469D-BFE1-5D98AEDE3D7D}.Release|Any CPU.ActiveCfg = Release|Any CPU
		{C028242E-1066-469D-BFE1-5D98AEDE3D7D}.Release|Any CPU.Build.0 = Release|Any CPU
		{AD9230D6-E23D-4D3A-A222-AD8EB3312EFD}.Debug|Any CPU.ActiveCfg = Debug|Any CPU
		{AD9230D6-E23D-4D3A-A222-AD8EB3312EFD}.Debug|Any CPU.Build.0 = Debug|Any CPU
		{AD9230D6-E23D-4D3A-A222-AD8EB3312EFD}.Release|Any CPU.ActiveCfg = Release|Any CPU
		{AD9230D6-E23D-4D3A-A222-AD8EB3312EFD}.Release|Any CPU.Build.0 = Release|Any CPU
		{7978A0EC-94A9-4907-857A-BAF4C0348FA1}.Debug|Any CPU.ActiveCfg = Debug|Any CPU
		{7978A0EC-94A9-4907-857A-BAF4C0348FA1}.Debug|Any CPU.Build.0 = Debug|Any CPU
		{7978A0EC-94A9-4907-857A-BAF4C0348FA1}.Release|Any CPU.ActiveCfg = Release|Any CPU
		{7978A0EC-94A9-4907-857A-BAF4C0348FA1}.Release|Any CPU.Build.0 = Release|Any CPU
		{E48B25E1-7E7B-4C9F-B7EE-115C2798A8ED}.Debug|Any CPU.ActiveCfg = Debug|Any CPU
		{E48B25E1-7E7B-4C9F-B7EE-115C2798A8ED}.Debug|Any CPU.Build.0 = Debug|Any CPU
		{E48B25E1-7E7B-4C9F-B7EE-115C2798A8ED}.Release|Any CPU.ActiveCfg = Release|Any CPU
		{E48B25E1-7E7B-4C9F-B7EE-115C2798A8ED}.Release|Any CPU.Build.0 = Release|Any CPU
		{64349325-29D9-4795-A02A-482FDC8E908D}.Debug|Any CPU.ActiveCfg = Debug|Any CPU
		{64349325-29D9-4795-A02A-482FDC8E908D}.Debug|Any CPU.Build.0 = Debug|Any CPU
		{64349325-29D9-4795-A02A-482FDC8E908D}.Release|Any CPU.ActiveCfg = Release|Any CPU
		{64349325-29D9-4795-A02A-482FDC8E908D}.Release|Any CPU.Build.0 = Release|Any CPU
		{D041B7A4-FDE2-43B9-9778-60ED4A45569C}.Debug|Any CPU.ActiveCfg = Debug|Any CPU
		{D041B7A4-FDE2-43B9-9778-60ED4A45569C}.Debug|Any CPU.Build.0 = Debug|Any CPU
		{D041B7A4-FDE2-43B9-9778-60ED4A45569C}.Release|Any CPU.ActiveCfg = Release|Any CPU
		{D041B7A4-FDE2-43B9-9778-60ED4A45569C}.Release|Any CPU.Build.0 = Release|Any CPU
		{21D95B8D-1966-4B2D-AF94-6FE2FFE7E851}.Debug|Any CPU.ActiveCfg = Debug|Any CPU
		{21D95B8D-1966-4B2D-AF94-6FE2FFE7E851}.Debug|Any CPU.Build.0 = Debug|Any CPU
		{21D95B8D-1966-4B2D-AF94-6FE2FFE7E851}.Release|Any CPU.ActiveCfg = Release|Any CPU
		{21D95B8D-1966-4B2D-AF94-6FE2FFE7E851}.Release|Any CPU.Build.0 = Release|Any CPU
	EndGlobalSection
	GlobalSection(SolutionProperties) = preSolution
		HideSolutionNode = FALSE
	EndGlobalSection
	GlobalSection(ExtensibilityGlobals) = postSolution
		SolutionGuid = {05181598-B464-4476-AC8F-D17F4D5B1884}
	EndGlobalSection
EndGlobal
