
Microsoft Visual Studio Solution File, Format Version 12.00
# Visual Studio Version 17
VisualStudioVersion = 17.2.32616.157
MinimumVisualStudioVersion = 10.0.40219.1
Project("{FAE04EC0-301F-11D3-BF4B-00C04F79EFBC}") = "ConsoleLancering", "ConsoleLancering\ConsoleLancering.csproj", "{61E9A9DC-3E2A-4DED-A13F-42E2C06B0E17}"
EndProject
Project("{FAE04EC0-301F-11D3-BF4B-00C04F79EFBC}") = "ConsoleRaden", "ConsoleRaden\ConsoleRaden.csproj", "{1BA8B7C4-4B9F-48C0-9513-04F4E3FA1D5C}"
EndProject
Project("{FAE04EC0-301F-11D3-BF4B-00C04F79EFBC}") = "ConsoleOnderBoven", "ConsoleOnderBoven\ConsoleOnderBoven.csproj", "{B50BF4AD-4554-4179-B532-DDE1E429B772}"
EndProject
Project("{2150E333-8FDC-42A3-9474-1A3956D46DE8}") = "Solution Items", "Solution Items", "{14982D9D-D4C2-4CB9-848C-130160252BDD}"
	ProjectSection(SolutionItems) = preProject
		..\SlnLes02VariabelenBerekeningen\editorconfig = ..\SlnLes02VariabelenBerekeningen\editorconfig
	EndProjectSection
EndProject
Global
	GlobalSection(SolutionConfigurationPlatforms) = preSolution
		Debug|Any CPU = Debug|Any CPU
		Release|Any CPU = Release|Any CPU
	EndGlobalSection
	GlobalSection(ProjectConfigurationPlatforms) = postSolution
		{61E9A9DC-3E2A-4DED-A13F-42E2C06B0E17}.Debug|Any CPU.ActiveCfg = Debug|Any CPU
		{61E9A9DC-3E2A-4DED-A13F-42E2C06B0E17}.Debug|Any CPU.Build.0 = Debug|Any CPU
		{61E9A9DC-3E2A-4DED-A13F-42E2C06B0E17}.Release|Any CPU.ActiveCfg = Release|Any CPU
		{61E9A9DC-3E2A-4DED-A13F-42E2C06B0E17}.Release|Any CPU.Build.0 = Release|Any CPU
		{1BA8B7C4-4B9F-48C0-9513-04F4E3FA1D5C}.Debug|Any CPU.ActiveCfg = Debug|Any CPU
		{1BA8B7C4-4B9F-48C0-9513-04F4E3FA1D5C}.Debug|Any CPU.Build.0 = Debug|Any CPU
		{1BA8B7C4-4B9F-48C0-9513-04F4E3FA1D5C}.Release|Any CPU.ActiveCfg = Release|Any CPU
		{1BA8B7C4-4B9F-48C0-9513-04F4E3FA1D5C}.Release|Any CPU.Build.0 = Release|Any CPU
		{B50BF4AD-4554-4179-B532-DDE1E429B772}.Debug|Any CPU.ActiveCfg = Debug|Any CPU
		{B50BF4AD-4554-4179-B532-DDE1E429B772}.Debug|Any CPU.Build.0 = Debug|Any CPU
		{B50BF4AD-4554-4179-B532-DDE1E429B772}.Release|Any CPU.ActiveCfg = Release|Any CPU
		{B50BF4AD-4554-4179-B532-DDE1E429B772}.Release|Any CPU.Build.0 = Release|Any CPU
	EndGlobalSection
	GlobalSection(SolutionProperties) = preSolution
		HideSolutionNode = FALSE
	EndGlobalSection
	GlobalSection(ExtensibilityGlobals) = postSolution
		SolutionGuid = {1AC41987-C1D5-4481-8145-3A8895B55A97}
	EndGlobalSection
EndGlobal
