
Microsoft Visual Studio Solution File, Format Version 12.00
# Visual Studio Version 17
VisualStudioVersion = 17.2.32616.157
MinimumVisualStudioVersion = 10.0.40219.1
Project("{FAE04EC0-301F-11D3-BF4B-00C04F79EFBC}") = "ConsoleRaden", "ConsoleRaden\ConsoleRaden.csproj", "{692A94D1-D0BB-4B4A-B002-3D94779993D2}"
EndProject
Project("{FAE04EC0-301F-11D3-BF4B-00C04F79EFBC}") = "WpfSliderKleur", "WpfSliderKleur\WpfSliderKleur.csproj", "{2ED88861-3AF2-42EE-8C2C-6222F114DE59}"
EndProject
Project("{FAE04EC0-301F-11D3-BF4B-00C04F79EFBC}") = "WpfRaden", "WpfRaden\WpfRaden.csproj", "{741D05C2-C4BF-459E-80CB-F858D873D18D}"
EndProject
Project("{FAE04EC0-301F-11D3-BF4B-00C04F79EFBC}") = "WpfBieden", "WpfBieden\WpfBieden.csproj", "{BCB1E712-36B0-447B-84F6-DE7454B41FB7}"
EndProject
Project("{FAE04EC0-301F-11D3-BF4B-00C04F79EFBC}") = "WpfFormChecking", "WpfFormChecking\WpfFormChecking.csproj", "{87A353EF-A458-4E2B-B539-66636A64B4A2}"
EndProject
Project("{FAE04EC0-301F-11D3-BF4B-00C04F79EFBC}") = "ConsoleBestelling", "ConsoleBestelling\ConsoleBestelling.csproj", "{34256F4D-D871-4206-9256-060CAE521C35}"
EndProject
Project("{FAE04EC0-301F-11D3-BF4B-00C04F79EFBC}") = "ConsoleEindcijfer", "ConsoleEindcijfer\ConsoleEindcijfer.csproj", "{EF495830-BA11-4168-ADE7-3056B68D2219}"
EndProject
Project("{2150E333-8FDC-42A3-9474-1A3956D46DE8}") = "Solution Items", "Solution Items", "{48168D5B-075B-46BE-A7B6-662A61F543F9}"
	ProjectSection(SolutionItems) = preProject
		..\SlnLes02VariabelenBerekeningen\editorconfig = ..\SlnLes02VariabelenBerekeningen\editorconfig
	EndProjectSection
EndProject
Global
	GlobalSection(SolutionConfigurationPlatforms) = preSolution
		Debug|Any CPU = Debug|Any CPU
		Release|Any CPU = Release|Any CPU
	EndGlobalSection
	GlobalSection(ProjectConfigurationPlatforms) = postSolution
		{692A94D1-D0BB-4B4A-B002-3D94779993D2}.Debug|Any CPU.ActiveCfg = Debug|Any CPU
		{692A94D1-D0BB-4B4A-B002-3D94779993D2}.Debug|Any CPU.Build.0 = Debug|Any CPU
		{692A94D1-D0BB-4B4A-B002-3D94779993D2}.Release|Any CPU.ActiveCfg = Release|Any CPU
		{692A94D1-D0BB-4B4A-B002-3D94779993D2}.Release|Any CPU.Build.0 = Release|Any CPU
		{2ED88861-3AF2-42EE-8C2C-6222F114DE59}.Debug|Any CPU.ActiveCfg = Debug|Any CPU
		{2ED88861-3AF2-42EE-8C2C-6222F114DE59}.Debug|Any CPU.Build.0 = Debug|Any CPU
		{2ED88861-3AF2-42EE-8C2C-6222F114DE59}.Release|Any CPU.ActiveCfg = Release|Any CPU
		{2ED88861-3AF2-42EE-8C2C-6222F114DE59}.Release|Any CPU.Build.0 = Release|Any CPU
		{741D05C2-C4BF-459E-80CB-F858D873D18D}.Debug|Any CPU.ActiveCfg = Debug|Any CPU
		{741D05C2-C4BF-459E-80CB-F858D873D18D}.Debug|Any CPU.Build.0 = Debug|Any CPU
		{741D05C2-C4BF-459E-80CB-F858D873D18D}.Release|Any CPU.ActiveCfg = Release|Any CPU
		{741D05C2-C4BF-459E-80CB-F858D873D18D}.Release|Any CPU.Build.0 = Release|Any CPU
		{BCB1E712-36B0-447B-84F6-DE7454B41FB7}.Debug|Any CPU.ActiveCfg = Debug|Any CPU
		{BCB1E712-36B0-447B-84F6-DE7454B41FB7}.Debug|Any CPU.Build.0 = Debug|Any CPU
		{BCB1E712-36B0-447B-84F6-DE7454B41FB7}.Release|Any CPU.ActiveCfg = Release|Any CPU
		{BCB1E712-36B0-447B-84F6-DE7454B41FB7}.Release|Any CPU.Build.0 = Release|Any CPU
		{87A353EF-A458-4E2B-B539-66636A64B4A2}.Debug|Any CPU.ActiveCfg = Debug|Any CPU
		{87A353EF-A458-4E2B-B539-66636A64B4A2}.Debug|Any CPU.Build.0 = Debug|Any CPU
		{87A353EF-A458-4E2B-B539-66636A64B4A2}.Release|Any CPU.ActiveCfg = Release|Any CPU
		{87A353EF-A458-4E2B-B539-66636A64B4A2}.Release|Any CPU.Build.0 = Release|Any CPU
		{34256F4D-D871-4206-9256-060CAE521C35}.Debug|Any CPU.ActiveCfg = Debug|Any CPU
		{34256F4D-D871-4206-9256-060CAE521C35}.Debug|Any CPU.Build.0 = Debug|Any CPU
		{34256F4D-D871-4206-9256-060CAE521C35}.Release|Any CPU.ActiveCfg = Release|Any CPU
		{34256F4D-D871-4206-9256-060CAE521C35}.Release|Any CPU.Build.0 = Release|Any CPU
		{EF495830-BA11-4168-ADE7-3056B68D2219}.Debug|Any CPU.ActiveCfg = Debug|Any CPU
		{EF495830-BA11-4168-ADE7-3056B68D2219}.Debug|Any CPU.Build.0 = Debug|Any CPU
		{EF495830-BA11-4168-ADE7-3056B68D2219}.Release|Any CPU.ActiveCfg = Release|Any CPU
		{EF495830-BA11-4168-ADE7-3056B68D2219}.Release|Any CPU.Build.0 = Release|Any CPU
	EndGlobalSection
	GlobalSection(SolutionProperties) = preSolution
		HideSolutionNode = FALSE
	EndGlobalSection
	GlobalSection(ExtensibilityGlobals) = postSolution
		SolutionGuid = {D81686E6-89BD-4A14-8147-1EC0689AB941}
	EndGlobalSection
EndGlobal
